
Microsoft Visual Studio Solution File, Format Version 12.00
# Visual Studio 15
VisualStudioVersion = 15.0.26730.16
MinimumVisualStudioVersion = 10.0.40219.1
Project("{2150E333-8FDC-42A3-9474-1A3956D46DE8}") = "Architecture", "Architecture", "{464875E9-6AED-4C38-AA6C-4E30978EA903}"
EndProject
Project("{2150E333-8FDC-42A3-9474-1A3956D46DE8}") = "Persistance", "Persistance", "{27B6E668-D2AE-4CCB-B99B-8C5B8A522B3F}"
EndProject
Project("{2150E333-8FDC-42A3-9474-1A3956D46DE8}") = "OCRX", "OCRX", "{64822F78-E371-4D03-AE41-52495F284A23}"
EndProject
Project("{2150E333-8FDC-42A3-9474-1A3956D46DE8}") = "OCR", "OCR", "{DD12C234-87C6-4EC6-88A4-5FCB52D07A3C}"
EndProject
Project("{FAE04EC0-301F-11D3-BF4B-00C04F79EFBC}") = "CCT.Common", "Architecture\Common\CCT.Common.csproj", "{E06725EB-FC78-4428-A1A6-EBBBF7AA42A1}"
EndProject
Project("{FAE04EC0-301F-11D3-BF4B-00C04F79EFBC}") = "CCT.MainFrame", "Architecture\MainFrame\CCT.MainFrame.csproj", "{A5BBF5CD-3BE7-47FD-A223-6972A1997019}"
EndProject
Project("{FAE04EC0-301F-11D3-BF4B-00C04F79EFBC}") = "CCT.SystemFramework", "Architecture\SystemFramework\CCT.SystemFramework.csproj", "{345328EC-3A67-4AC5-8F8C-87DE1DABEDC4}"
EndProject
Project("{FAE04EC0-301F-11D3-BF4B-00C04F79EFBC}") = "CCT.WebReference", "Architecture\WebReference\CCT.WebReference.csproj", "{DDAB3941-0033-4BAF-A1FB-75E438F5CA08}"
EndProject
Project("{FAE04EC0-301F-11D3-BF4B-00C04F79EFBC}") = "DBFramework", "Persistance\DBFramework\DBFramework.csproj", "{223BA832-E2D5-4CCF-8880-FDB4A2CE0689}"
EndProject
Project("{FAE04EC0-301F-11D3-BF4B-00C04F79EFBC}") = "DBFramework.Mapping", "Persistance\Mapping\DBFramework.Mapping.csproj", "{1977E5E6-0C7A-4797-8842-996627297C39}"
EndProject
Project("{FAE04EC0-301F-11D3-BF4B-00C04F79EFBC}") = "OCR.Model", "OCR\OCR.Model\OCR.Model.csproj", "{B5C86E92-D417-4EC7-AF9D-F3FFE1DFB38C}"
EndProject
Project("{FAE04EC0-301F-11D3-BF4B-00C04F79EFBC}") = "OCR.DAL", "OCR\OCR.DAL\OCR.DAL.csproj", "{4D78C477-FB24-4E8B-BAB2-7CCB9C7D5CA7}"
EndProject
Project("{FAE04EC0-301F-11D3-BF4B-00C04F79EFBC}") = "OCR.BLL", "OCR\OCR.BLL\OCR.BLL.csproj", "{5E7B86E0-ABCC-4D40-94A9-C6036976BEBE}"
EndProject
Project("{FAE04EC0-301F-11D3-BF4B-00C04F79EFBC}") = "OCR.AppBack", "OCR\OCR.AppBack\OCR.AppBack.csproj", "{56A6B005-ABDE-412C-BD31-A675427AD3D1}"
EndProject
Project("{FAE04EC0-301F-11D3-BF4B-00C04F79EFBC}") = "OCRX.Model", "OCRX\OCRX.Model\OCRX.Model.csproj", "{F20541B8-DE53-48D1-9861-A471D352AB7A}"
EndProject
Project("{FAE04EC0-301F-11D3-BF4B-00C04F79EFBC}") = "OCRX.DAL", "OCRX\OCRX.DAL\OCRX.DAL.csproj", "{AF4FE5C3-E65F-4791-8F9E-81FD7816910D}"
EndProject
Project("{FAE04EC0-301F-11D3-BF4B-00C04F79EFBC}") = "OCRX.BLL", "OCRX\OCRX.BLL\OCRX.BLL.csproj", "{C7C9CD9D-6CB3-4B1F-8F3D-0F1E80A7EBEC}"
EndProject
Project("{FAE04EC0-301F-11D3-BF4B-00C04F79EFBC}") = "OCRX.WIN", "OCRX\OCRX.WIN\OCRX.WIN.csproj", "{1089A7A2-8012-4A48-ABAB-87D9B54EF611}"
EndProject
Project("{FAE04EC0-301F-11D3-BF4B-00C04F79EFBC}") = "OCR.WIN", "OCR\OCR.WIN\OCR.WIN.csproj", "{D8382CD8-25D0-43B9-938A-B9F0F290887A}"
EndProject
Project("{FAE04EC0-301F-11D3-BF4B-00C04F79EFBC}") = "OCRX.WebAPI", "OCRX.WebAPI\OCRX.WebAPI.csproj", "{54357838-784F-4029-A9C8-C66B13160F26}"
EndProject
Project("{FAE04EC0-301F-11D3-BF4B-00C04F79EFBC}") = "OCRX.Web.DAL", "OCRX.Web.DAL\OCRX.Web.DAL.csproj", "{902E9791-7D1B-4D06-B4EC-25B7DF89A1D2}"
EndProject
Global
	GlobalSection(SolutionConfigurationPlatforms) = preSolution
		Debug|Any CPU = Debug|Any CPU
		Debug|x64 = Debug|x64
		Debug|x86 = Debug|x86
		DebugLocal|Any CPU = DebugLocal|Any CPU
		DebugLocal|x64 = DebugLocal|x64
		DebugLocal|x86 = DebugLocal|x86
		Release|Any CPU = Release|Any CPU
		Release|x64 = Release|x64
		Release|x86 = Release|x86
	EndGlobalSection
	GlobalSection(ProjectConfigurationPlatforms) = postSolution
		{E06725EB-FC78-4428-A1A6-EBBBF7AA42A1}.Debug|Any CPU.ActiveCfg = Debug|Any CPU
		{E06725EB-FC78-4428-A1A6-EBBBF7AA42A1}.Debug|Any CPU.Build.0 = Debug|Any CPU
		{E06725EB-FC78-4428-A1A6-EBBBF7AA42A1}.Debug|x64.ActiveCfg = Debug|x64
		{E06725EB-FC78-4428-A1A6-EBBBF7AA42A1}.Debug|x64.Build.0 = Debug|x64
		{E06725EB-FC78-4428-A1A6-EBBBF7AA42A1}.Debug|x86.ActiveCfg = Debug|x86
		{E06725EB-FC78-4428-A1A6-EBBBF7AA42A1}.Debug|x86.Build.0 = Debug|x86
		{E06725EB-FC78-4428-A1A6-EBBBF7AA42A1}.DebugLocal|Any CPU.ActiveCfg = Debug|Any CPU
		{E06725EB-FC78-4428-A1A6-EBBBF7AA42A1}.DebugLocal|Any CPU.Build.0 = Debug|Any CPU
		{E06725EB-FC78-4428-A1A6-EBBBF7AA42A1}.DebugLocal|x64.ActiveCfg = Debug|x64
		{E06725EB-FC78-4428-A1A6-EBBBF7AA42A1}.DebugLocal|x64.Build.0 = Debug|x64
		{E06725EB-FC78-4428-A1A6-EBBBF7AA42A1}.DebugLocal|x86.ActiveCfg = Debug|x86
		{E06725EB-FC78-4428-A1A6-EBBBF7AA42A1}.DebugLocal|x86.Build.0 = Debug|x86
		{E06725EB-FC78-4428-A1A6-EBBBF7AA42A1}.Release|Any CPU.ActiveCfg = Release|Any CPU
		{E06725EB-FC78-4428-A1A6-EBBBF7AA42A1}.Release|Any CPU.Build.0 = Release|Any CPU
		{E06725EB-FC78-4428-A1A6-EBBBF7AA42A1}.Release|x64.ActiveCfg = Release|x64
		{E06725EB-FC78-4428-A1A6-EBBBF7AA42A1}.Release|x64.Build.0 = Release|x64
		{E06725EB-FC78-4428-A1A6-EBBBF7AA42A1}.Release|x86.ActiveCfg = Release|x86
		{E06725EB-FC78-4428-A1A6-EBBBF7AA42A1}.Release|x86.Build.0 = Release|x86
		{A5BBF5CD-3BE7-47FD-A223-6972A1997019}.Debug|Any CPU.ActiveCfg = Debug|Any CPU
		{A5BBF5CD-3BE7-47FD-A223-6972A1997019}.Debug|Any CPU.Build.0 = Debug|Any CPU
		{A5BBF5CD-3BE7-47FD-A223-6972A1997019}.Debug|x64.ActiveCfg = Debug|x64
		{A5BBF5CD-3BE7-47FD-A223-6972A1997019}.Debug|x64.Build.0 = Debug|x64
		{A5BBF5CD-3BE7-47FD-A223-6972A1997019}.Debug|x86.ActiveCfg = Debug|x86
		{A5BBF5CD-3BE7-47FD-A223-6972A1997019}.Debug|x86.Build.0 = Debug|x86
		{A5BBF5CD-3BE7-47FD-A223-6972A1997019}.DebugLocal|Any CPU.ActiveCfg = Debug|Any CPU
		{A5BBF5CD-3BE7-47FD-A223-6972A1997019}.DebugLocal|Any CPU.Build.0 = Debug|Any CPU
		{A5BBF5CD-3BE7-47FD-A223-6972A1997019}.DebugLocal|x64.ActiveCfg = Debug|x64
		{A5BBF5CD-3BE7-47FD-A223-6972A1997019}.DebugLocal|x64.Build.0 = Debug|x64
		{A5BBF5CD-3BE7-47FD-A223-6972A1997019}.DebugLocal|x86.ActiveCfg = Debug|x86
		{A5BBF5CD-3BE7-47FD-A223-6972A1997019}.DebugLocal|x86.Build.0 = Debug|x86
		{A5BBF5CD-3BE7-47FD-A223-6972A1997019}.Release|Any CPU.ActiveCfg = Release|Any CPU
		{A5BBF5CD-3BE7-47FD-A223-6972A1997019}.Release|Any CPU.Build.0 = Release|Any CPU
		{A5BBF5CD-3BE7-47FD-A223-6972A1997019}.Release|x64.ActiveCfg = Release|x64
		{A5BBF5CD-3BE7-47FD-A223-6972A1997019}.Release|x64.Build.0 = Release|x64
		{A5BBF5CD-3BE7-47FD-A223-6972A1997019}.Release|x86.ActiveCfg = Release|x86
		{A5BBF5CD-3BE7-47FD-A223-6972A1997019}.Release|x86.Build.0 = Release|x86
		{345328EC-3A67-4AC5-8F8C-87DE1DABEDC4}.Debug|Any CPU.ActiveCfg = Debug|Any CPU
		{345328EC-3A67-4AC5-8F8C-87DE1DABEDC4}.Debug|Any CPU.Build.0 = Debug|Any CPU
		{345328EC-3A67-4AC5-8F8C-87DE1DABEDC4}.Debug|x64.ActiveCfg = Debug|x64
		{345328EC-3A67-4AC5-8F8C-87DE1DABEDC4}.Debug|x64.Build.0 = Debug|x64
		{345328EC-3A67-4AC5-8F8C-87DE1DABEDC4}.Debug|x86.ActiveCfg = Debug|x86
		{345328EC-3A67-4AC5-8F8C-87DE1DABEDC4}.Debug|x86.Build.0 = Debug|x86
		{345328EC-3A67-4AC5-8F8C-87DE1DABEDC4}.DebugLocal|Any CPU.ActiveCfg = Debug|Any CPU
		{345328EC-3A67-4AC5-8F8C-87DE1DABEDC4}.DebugLocal|Any CPU.Build.0 = Debug|Any CPU
		{345328EC-3A67-4AC5-8F8C-87DE1DABEDC4}.DebugLocal|x64.ActiveCfg = Debug|x64
		{345328EC-3A67-4AC5-8F8C-87DE1DABEDC4}.DebugLocal|x64.Build.0 = Debug|x64
		{345328EC-3A67-4AC5-8F8C-87DE1DABEDC4}.DebugLocal|x86.ActiveCfg = Debug|x86
		{345328EC-3A67-4AC5-8F8C-87DE1DABEDC4}.DebugLocal|x86.Build.0 = Debug|x86
		{345328EC-3A67-4AC5-8F8C-87DE1DABEDC4}.Release|Any CPU.ActiveCfg = Release|Any CPU
		{345328EC-3A67-4AC5-8F8C-87DE1DABEDC4}.Release|Any CPU.Build.0 = Release|Any CPU
		{345328EC-3A67-4AC5-8F8C-87DE1DABEDC4}.Release|x64.ActiveCfg = Release|x64
		{345328EC-3A67-4AC5-8F8C-87DE1DABEDC4}.Release|x64.Build.0 = Release|x64
		{345328EC-3A67-4AC5-8F8C-87DE1DABEDC4}.Release|x86.ActiveCfg = Release|x86
		{345328EC-3A67-4AC5-8F8C-87DE1DABEDC4}.Release|x86.Build.0 = Release|x86
		{DDAB3941-0033-4BAF-A1FB-75E438F5CA08}.Debug|Any CPU.ActiveCfg = Debug|Any CPU
		{DDAB3941-0033-4BAF-A1FB-75E438F5CA08}.Debug|Any CPU.Build.0 = Debug|Any CPU
		{DDAB3941-0033-4BAF-A1FB-75E438F5CA08}.Debug|x64.ActiveCfg = Debug|x64
		{DDAB3941-0033-4BAF-A1FB-75E438F5CA08}.Debug|x64.Build.0 = Debug|x64
		{DDAB3941-0033-4BAF-A1FB-75E438F5CA08}.Debug|x86.ActiveCfg = Debug|x86
		{DDAB3941-0033-4BAF-A1FB-75E438F5CA08}.Debug|x86.Build.0 = Debug|x86
		{DDAB3941-0033-4BAF-A1FB-75E438F5CA08}.DebugLocal|Any CPU.ActiveCfg = Debug|Any CPU
		{DDAB3941-0033-4BAF-A1FB-75E438F5CA08}.DebugLocal|Any CPU.Build.0 = Debug|Any CPU
		{DDAB3941-0033-4BAF-A1FB-75E438F5CA08}.DebugLocal|x64.ActiveCfg = Debug|x64
		{DDAB3941-0033-4BAF-A1FB-75E438F5CA08}.DebugLocal|x64.Build.0 = Debug|x64
		{DDAB3941-0033-4BAF-A1FB-75E438F5CA08}.DebugLocal|x86.ActiveCfg = Debug|x86
		{DDAB3941-0033-4BAF-A1FB-75E438F5CA08}.DebugLocal|x86.Build.0 = Debug|x86
		{DDAB3941-0033-4BAF-A1FB-75E438F5CA08}.Release|Any CPU.ActiveCfg = Release|Any CPU
		{DDAB3941-0033-4BAF-A1FB-75E438F5CA08}.Release|Any CPU.Build.0 = Release|Any CPU
		{DDAB3941-0033-4BAF-A1FB-75E438F5CA08}.Release|x64.ActiveCfg = Release|x64
		{DDAB3941-0033-4BAF-A1FB-75E438F5CA08}.Release|x64.Build.0 = Release|x64
		{DDAB3941-0033-4BAF-A1FB-75E438F5CA08}.Release|x86.ActiveCfg = Release|x86
		{DDAB3941-0033-4BAF-A1FB-75E438F5CA08}.Release|x86.Build.0 = Release|x86
		{223BA832-E2D5-4CCF-8880-FDB4A2CE0689}.Debug|Any CPU.ActiveCfg = Debug|Any CPU
		{223BA832-E2D5-4CCF-8880-FDB4A2CE0689}.Debug|Any CPU.Build.0 = Debug|Any CPU
		{223BA832-E2D5-4CCF-8880-FDB4A2CE0689}.Debug|x64.ActiveCfg = Debug|x64
		{223BA832-E2D5-4CCF-8880-FDB4A2CE0689}.Debug|x64.Build.0 = Debug|x64
		{223BA832-E2D5-4CCF-8880-FDB4A2CE0689}.Debug|x86.ActiveCfg = Debug|x86
		{223BA832-E2D5-4CCF-8880-FDB4A2CE0689}.Debug|x86.Build.0 = Debug|x86
		{223BA832-E2D5-4CCF-8880-FDB4A2CE0689}.DebugLocal|Any CPU.ActiveCfg = Debug|Any CPU
		{223BA832-E2D5-4CCF-8880-FDB4A2CE0689}.DebugLocal|Any CPU.Build.0 = Debug|Any CPU
		{223BA832-E2D5-4CCF-8880-FDB4A2CE0689}.DebugLocal|x64.ActiveCfg = Debug|x64
		{223BA832-E2D5-4CCF-8880-FDB4A2CE0689}.DebugLocal|x64.Build.0 = Debug|x64
		{223BA832-E2D5-4CCF-8880-FDB4A2CE0689}.DebugLocal|x86.ActiveCfg = Debug|x86
		{223BA832-E2D5-4CCF-8880-FDB4A2CE0689}.DebugLocal|x86.Build.0 = Debug|x86
		{223BA832-E2D5-4CCF-8880-FDB4A2CE0689}.Release|Any CPU.ActiveCfg = Release|Any CPU
		{223BA832-E2D5-4CCF-8880-FDB4A2CE0689}.Release|Any CPU.Build.0 = Release|Any CPU
		{223BA832-E2D5-4CCF-8880-FDB4A2CE0689}.Release|x64.ActiveCfg = Release|x64
		{223BA832-E2D5-4CCF-8880-FDB4A2CE0689}.Release|x64.Build.0 = Release|x64
		{223BA832-E2D5-4CCF-8880-FDB4A2CE0689}.Release|x86.ActiveCfg = Release|x86
		{223BA832-E2D5-4CCF-8880-FDB4A2CE0689}.Release|x86.Build.0 = Release|x86
		{1977E5E6-0C7A-4797-8842-996627297C39}.Debug|Any CPU.ActiveCfg = Debug|Any CPU
		{1977E5E6-0C7A-4797-8842-996627297C39}.Debug|Any CPU.Build.0 = Debug|Any CPU
		{1977E5E6-0C7A-4797-8842-996627297C39}.Debug|x64.ActiveCfg = Debug|x64
		{1977E5E6-0C7A-4797-8842-996627297C39}.Debug|x64.Build.0 = Debug|x64
		{1977E5E6-0C7A-4797-8842-996627297C39}.Debug|x86.ActiveCfg = Debug|x86
		{1977E5E6-0C7A-4797-8842-996627297C39}.Debug|x86.Build.0 = Debug|x86
		{1977E5E6-0C7A-4797-8842-996627297C39}.DebugLocal|Any CPU.ActiveCfg = Debug|Any CPU
		{1977E5E6-0C7A-4797-8842-996627297C39}.DebugLocal|Any CPU.Build.0 = Debug|Any CPU
		{1977E5E6-0C7A-4797-8842-996627297C39}.DebugLocal|x64.ActiveCfg = Debug|x64
		{1977E5E6-0C7A-4797-8842-996627297C39}.DebugLocal|x64.Build.0 = Debug|x64
		{1977E5E6-0C7A-4797-8842-996627297C39}.DebugLocal|x86.ActiveCfg = Debug|x86
		{1977E5E6-0C7A-4797-8842-996627297C39}.DebugLocal|x86.Build.0 = Debug|x86
		{1977E5E6-0C7A-4797-8842-996627297C39}.Release|Any CPU.ActiveCfg = Release|Any CPU
		{1977E5E6-0C7A-4797-8842-996627297C39}.Release|Any CPU.Build.0 = Release|Any CPU
		{1977E5E6-0C7A-4797-8842-996627297C39}.Release|x64.ActiveCfg = Release|x64
		{1977E5E6-0C7A-4797-8842-996627297C39}.Release|x64.Build.0 = Release|x64
		{1977E5E6-0C7A-4797-8842-996627297C39}.Release|x86.ActiveCfg = Release|x86
		{1977E5E6-0C7A-4797-8842-996627297C39}.Release|x86.Build.0 = Release|x86
		{B5C86E92-D417-4EC7-AF9D-F3FFE1DFB38C}.Debug|Any CPU.ActiveCfg = Debug|Any CPU
		{B5C86E92-D417-4EC7-AF9D-F3FFE1DFB38C}.Debug|Any CPU.Build.0 = Debug|Any CPU
		{B5C86E92-D417-4EC7-AF9D-F3FFE1DFB38C}.Debug|x64.ActiveCfg = Debug|x64
		{B5C86E92-D417-4EC7-AF9D-F3FFE1DFB38C}.Debug|x64.Build.0 = Debug|x64
		{B5C86E92-D417-4EC7-AF9D-F3FFE1DFB38C}.Debug|x86.ActiveCfg = Debug|x86
		{B5C86E92-D417-4EC7-AF9D-F3FFE1DFB38C}.Debug|x86.Build.0 = Debug|x86
		{B5C86E92-D417-4EC7-AF9D-F3FFE1DFB38C}.DebugLocal|Any CPU.ActiveCfg = Debug|Any CPU
		{B5C86E92-D417-4EC7-AF9D-F3FFE1DFB38C}.DebugLocal|Any CPU.Build.0 = Debug|Any CPU
		{B5C86E92-D417-4EC7-AF9D-F3FFE1DFB38C}.DebugLocal|x64.ActiveCfg = Debug|x64
		{B5C86E92-D417-4EC7-AF9D-F3FFE1DFB38C}.DebugLocal|x64.Build.0 = Debug|x64
		{B5C86E92-D417-4EC7-AF9D-F3FFE1DFB38C}.DebugLocal|x86.ActiveCfg = Debug|x86
		{B5C86E92-D417-4EC7-AF9D-F3FFE1DFB38C}.DebugLocal|x86.Build.0 = Debug|x86
		{B5C86E92-D417-4EC7-AF9D-F3FFE1DFB38C}.Release|Any CPU.ActiveCfg = Release|Any CPU
		{B5C86E92-D417-4EC7-AF9D-F3FFE1DFB38C}.Release|Any CPU.Build.0 = Release|Any CPU
		{B5C86E92-D417-4EC7-AF9D-F3FFE1DFB38C}.Release|x64.ActiveCfg = Release|x64
		{B5C86E92-D417-4EC7-AF9D-F3FFE1DFB38C}.Release|x64.Build.0 = Release|x64
		{B5C86E92-D417-4EC7-AF9D-F3FFE1DFB38C}.Release|x86.ActiveCfg = Release|x86
		{B5C86E92-D417-4EC7-AF9D-F3FFE1DFB38C}.Release|x86.Build.0 = Release|x86
		{4D78C477-FB24-4E8B-BAB2-7CCB9C7D5CA7}.Debug|Any CPU.ActiveCfg = Debug|Any CPU
		{4D78C477-FB24-4E8B-BAB2-7CCB9C7D5CA7}.Debug|Any CPU.Build.0 = Debug|Any CPU
		{4D78C477-FB24-4E8B-BAB2-7CCB9C7D5CA7}.Debug|x64.ActiveCfg = Debug|x64
		{4D78C477-FB24-4E8B-BAB2-7CCB9C7D5CA7}.Debug|x64.Build.0 = Debug|x64
		{4D78C477-FB24-4E8B-BAB2-7CCB9C7D5CA7}.Debug|x86.ActiveCfg = Debug|x86
		{4D78C477-FB24-4E8B-BAB2-7CCB9C7D5CA7}.Debug|x86.Build.0 = Debug|x86
		{4D78C477-FB24-4E8B-BAB2-7CCB9C7D5CA7}.DebugLocal|Any CPU.ActiveCfg = Debug|Any CPU
		{4D78C477-FB24-4E8B-BAB2-7CCB9C7D5CA7}.DebugLocal|Any CPU.Build.0 = Debug|Any CPU
		{4D78C477-FB24-4E8B-BAB2-7CCB9C7D5CA7}.DebugLocal|x64.ActiveCfg = Debug|x64
		{4D78C477-FB24-4E8B-BAB2-7CCB9C7D5CA7}.DebugLocal|x64.Build.0 = Debug|x64
		{4D78C477-FB24-4E8B-BAB2-7CCB9C7D5CA7}.DebugLocal|x86.ActiveCfg = Debug|x86
		{4D78C477-FB24-4E8B-BAB2-7CCB9C7D5CA7}.DebugLocal|x86.Build.0 = Debug|x86
		{4D78C477-FB24-4E8B-BAB2-7CCB9C7D5CA7}.Release|Any CPU.ActiveCfg = Release|Any CPU
		{4D78C477-FB24-4E8B-BAB2-7CCB9C7D5CA7}.Release|Any CPU.Build.0 = Release|Any CPU
		{4D78C477-FB24-4E8B-BAB2-7CCB9C7D5CA7}.Release|x64.ActiveCfg = Release|x64
		{4D78C477-FB24-4E8B-BAB2-7CCB9C7D5CA7}.Release|x64.Build.0 = Release|x64
		{4D78C477-FB24-4E8B-BAB2-7CCB9C7D5CA7}.Release|x86.ActiveCfg = Release|x86
		{4D78C477-FB24-4E8B-BAB2-7CCB9C7D5CA7}.Release|x86.Build.0 = Release|x86
		{5E7B86E0-ABCC-4D40-94A9-C6036976BEBE}.Debug|Any CPU.ActiveCfg = Debug|Any CPU
		{5E7B86E0-ABCC-4D40-94A9-C6036976BEBE}.Debug|Any CPU.Build.0 = Debug|Any CPU
		{5E7B86E0-ABCC-4D40-94A9-C6036976BEBE}.Debug|x64.ActiveCfg = Debug|x64
		{5E7B86E0-ABCC-4D40-94A9-C6036976BEBE}.Debug|x64.Build.0 = Debug|x64
		{5E7B86E0-ABCC-4D40-94A9-C6036976BEBE}.Debug|x86.ActiveCfg = Debug|x86
		{5E7B86E0-ABCC-4D40-94A9-C6036976BEBE}.Debug|x86.Build.0 = Debug|x86
		{5E7B86E0-ABCC-4D40-94A9-C6036976BEBE}.DebugLocal|Any CPU.ActiveCfg = Debug|Any CPU
		{5E7B86E0-ABCC-4D40-94A9-C6036976BEBE}.DebugLocal|Any CPU.Build.0 = Debug|Any CPU
		{5E7B86E0-ABCC-4D40-94A9-C6036976BEBE}.DebugLocal|x64.ActiveCfg = Debug|x64
		{5E7B86E0-ABCC-4D40-94A9-C6036976BEBE}.DebugLocal|x64.Build.0 = Debug|x64
		{5E7B86E0-ABCC-4D40-94A9-C6036976BEBE}.DebugLocal|x86.ActiveCfg = Debug|x86
		{5E7B86E0-ABCC-4D40-94A9-C6036976BEBE}.DebugLocal|x86.Build.0 = Debug|x86
		{5E7B86E0-ABCC-4D40-94A9-C6036976BEBE}.Release|Any CPU.ActiveCfg = Release|Any CPU
		{5E7B86E0-ABCC-4D40-94A9-C6036976BEBE}.Release|Any CPU.Build.0 = Release|Any CPU
		{5E7B86E0-ABCC-4D40-94A9-C6036976BEBE}.Release|x64.ActiveCfg = Release|x64
		{5E7B86E0-ABCC-4D40-94A9-C6036976BEBE}.Release|x64.Build.0 = Release|x64
		{5E7B86E0-ABCC-4D40-94A9-C6036976BEBE}.Release|x86.ActiveCfg = Release|x86
		{5E7B86E0-ABCC-4D40-94A9-C6036976BEBE}.Release|x86.Build.0 = Release|x86
		{56A6B005-ABDE-412C-BD31-A675427AD3D1}.Debug|Any CPU.ActiveCfg = Debug|Any CPU
		{56A6B005-ABDE-412C-BD31-A675427AD3D1}.Debug|Any CPU.Build.0 = Debug|Any CPU
		{56A6B005-ABDE-412C-BD31-A675427AD3D1}.Debug|x64.ActiveCfg = Debug|x64
		{56A6B005-ABDE-412C-BD31-A675427AD3D1}.Debug|x64.Build.0 = Debug|x64
		{56A6B005-ABDE-412C-BD31-A675427AD3D1}.Debug|x86.ActiveCfg = Debug|x86
		{56A6B005-ABDE-412C-BD31-A675427AD3D1}.Debug|x86.Build.0 = Debug|x86
		{56A6B005-ABDE-412C-BD31-A675427AD3D1}.DebugLocal|Any CPU.ActiveCfg = Debug|Any CPU
		{56A6B005-ABDE-412C-BD31-A675427AD3D1}.DebugLocal|Any CPU.Build.0 = Debug|Any CPU
		{56A6B005-ABDE-412C-BD31-A675427AD3D1}.DebugLocal|x64.ActiveCfg = Debug|x64
		{56A6B005-ABDE-412C-BD31-A675427AD3D1}.DebugLocal|x64.Build.0 = Debug|x64
		{56A6B005-ABDE-412C-BD31-A675427AD3D1}.DebugLocal|x86.ActiveCfg = Debug|x86
		{56A6B005-ABDE-412C-BD31-A675427AD3D1}.DebugLocal|x86.Build.0 = Debug|x86
		{56A6B005-ABDE-412C-BD31-A675427AD3D1}.Release|Any CPU.ActiveCfg = Release|Any CPU
		{56A6B005-ABDE-412C-BD31-A675427AD3D1}.Release|Any CPU.Build.0 = Release|Any CPU
		{56A6B005-ABDE-412C-BD31-A675427AD3D1}.Release|x64.ActiveCfg = Release|x64
		{56A6B005-ABDE-412C-BD31-A675427AD3D1}.Release|x64.Build.0 = Release|x64
		{56A6B005-ABDE-412C-BD31-A675427AD3D1}.Release|x86.ActiveCfg = Release|x86
		{56A6B005-ABDE-412C-BD31-A675427AD3D1}.Release|x86.Build.0 = Release|x86
		{F20541B8-DE53-48D1-9861-A471D352AB7A}.Debug|Any CPU.ActiveCfg = Debug|Any CPU
		{F20541B8-DE53-48D1-9861-A471D352AB7A}.Debug|Any CPU.Build.0 = Debug|Any CPU
		{F20541B8-DE53-48D1-9861-A471D352AB7A}.Debug|x64.ActiveCfg = Debug|x64
		{F20541B8-DE53-48D1-9861-A471D352AB7A}.Debug|x64.Build.0 = Debug|x64
		{F20541B8-DE53-48D1-9861-A471D352AB7A}.Debug|x86.ActiveCfg = Debug|x86
		{F20541B8-DE53-48D1-9861-A471D352AB7A}.Debug|x86.Build.0 = Debug|x86
		{F20541B8-DE53-48D1-9861-A471D352AB7A}.DebugLocal|Any CPU.ActiveCfg = Debug|Any CPU
		{F20541B8-DE53-48D1-9861-A471D352AB7A}.DebugLocal|Any CPU.Build.0 = Debug|Any CPU
		{F20541B8-DE53-48D1-9861-A471D352AB7A}.DebugLocal|x64.ActiveCfg = Debug|x64
		{F20541B8-DE53-48D1-9861-A471D352AB7A}.DebugLocal|x64.Build.0 = Debug|x64
		{F20541B8-DE53-48D1-9861-A471D352AB7A}.DebugLocal|x86.ActiveCfg = Debug|x86
		{F20541B8-DE53-48D1-9861-A471D352AB7A}.DebugLocal|x86.Build.0 = Debug|x86
		{F20541B8-DE53-48D1-9861-A471D352AB7A}.Release|Any CPU.ActiveCfg = Release|Any CPU
		{F20541B8-DE53-48D1-9861-A471D352AB7A}.Release|Any CPU.Build.0 = Release|Any CPU
		{F20541B8-DE53-48D1-9861-A471D352AB7A}.Release|x64.ActiveCfg = Release|x64
		{F20541B8-DE53-48D1-9861-A471D352AB7A}.Release|x64.Build.0 = Release|x64
		{F20541B8-DE53-48D1-9861-A471D352AB7A}.Release|x86.ActiveCfg = Release|x86
		{F20541B8-DE53-48D1-9861-A471D352AB7A}.Release|x86.Build.0 = Release|x86
		{AF4FE5C3-E65F-4791-8F9E-81FD7816910D}.Debug|Any CPU.ActiveCfg = Debug|Any CPU
		{AF4FE5C3-E65F-4791-8F9E-81FD7816910D}.Debug|Any CPU.Build.0 = Debug|Any CPU
		{AF4FE5C3-E65F-4791-8F9E-81FD7816910D}.Debug|x64.ActiveCfg = Debug|x64
		{AF4FE5C3-E65F-4791-8F9E-81FD7816910D}.Debug|x64.Build.0 = Debug|x64
		{AF4FE5C3-E65F-4791-8F9E-81FD7816910D}.Debug|x86.ActiveCfg = Debug|x86
		{AF4FE5C3-E65F-4791-8F9E-81FD7816910D}.Debug|x86.Build.0 = Debug|x86
		{AF4FE5C3-E65F-4791-8F9E-81FD7816910D}.DebugLocal|Any CPU.ActiveCfg = Debug|Any CPU
		{AF4FE5C3-E65F-4791-8F9E-81FD7816910D}.DebugLocal|Any CPU.Build.0 = Debug|Any CPU
		{AF4FE5C3-E65F-4791-8F9E-81FD7816910D}.DebugLocal|x64.ActiveCfg = Debug|x64
		{AF4FE5C3-E65F-4791-8F9E-81FD7816910D}.DebugLocal|x64.Build.0 = Debug|x64
		{AF4FE5C3-E65F-4791-8F9E-81FD7816910D}.DebugLocal|x86.ActiveCfg = Debug|x86
		{AF4FE5C3-E65F-4791-8F9E-81FD7816910D}.DebugLocal|x86.Build.0 = Debug|x86
		{AF4FE5C3-E65F-4791-8F9E-81FD7816910D}.Release|Any CPU.ActiveCfg = Release|Any CPU
		{AF4FE5C3-E65F-4791-8F9E-81FD7816910D}.Release|Any CPU.Build.0 = Release|Any CPU
		{AF4FE5C3-E65F-4791-8F9E-81FD7816910D}.Release|x64.ActiveCfg = Release|x64
		{AF4FE5C3-E65F-4791-8F9E-81FD7816910D}.Release|x64.Build.0 = Release|x64
		{AF4FE5C3-E65F-4791-8F9E-81FD7816910D}.Release|x86.ActiveCfg = Release|x86
		{AF4FE5C3-E65F-4791-8F9E-81FD7816910D}.Release|x86.Build.0 = Release|x86
		{C7C9CD9D-6CB3-4B1F-8F3D-0F1E80A7EBEC}.Debug|Any CPU.ActiveCfg = Debug|Any CPU
		{C7C9CD9D-6CB3-4B1F-8F3D-0F1E80A7EBEC}.Debug|Any CPU.Build.0 = Debug|Any CPU
		{C7C9CD9D-6CB3-4B1F-8F3D-0F1E80A7EBEC}.Debug|x64.ActiveCfg = Debug|x64
		{C7C9CD9D-6CB3-4B1F-8F3D-0F1E80A7EBEC}.Debug|x64.Build.0 = Debug|x64
		{C7C9CD9D-6CB3-4B1F-8F3D-0F1E80A7EBEC}.Debug|x86.ActiveCfg = Debug|x86
		{C7C9CD9D-6CB3-4B1F-8F3D-0F1E80A7EBEC}.Debug|x86.Build.0 = Debug|x86
		{C7C9CD9D-6CB3-4B1F-8F3D-0F1E80A7EBEC}.DebugLocal|Any CPU.ActiveCfg = Debug|Any CPU
		{C7C9CD9D-6CB3-4B1F-8F3D-0F1E80A7EBEC}.DebugLocal|Any CPU.Build.0 = Debug|Any CPU
		{C7C9CD9D-6CB3-4B1F-8F3D-0F1E80A7EBEC}.DebugLocal|x64.ActiveCfg = Debug|x64
		{C7C9CD9D-6CB3-4B1F-8F3D-0F1E80A7EBEC}.DebugLocal|x64.Build.0 = Debug|x64
		{C7C9CD9D-6CB3-4B1F-8F3D-0F1E80A7EBEC}.DebugLocal|x86.ActiveCfg = Debug|x86
		{C7C9CD9D-6CB3-4B1F-8F3D-0F1E80A7EBEC}.DebugLocal|x86.Build.0 = Debug|x86
		{C7C9CD9D-6CB3-4B1F-8F3D-0F1E80A7EBEC}.Release|Any CPU.ActiveCfg = Release|Any CPU
		{C7C9CD9D-6CB3-4B1F-8F3D-0F1E80A7EBEC}.Release|Any CPU.Build.0 = Release|Any CPU
		{C7C9CD9D-6CB3-4B1F-8F3D-0F1E80A7EBEC}.Release|x64.ActiveCfg = Release|x64
		{C7C9CD9D-6CB3-4B1F-8F3D-0F1E80A7EBEC}.Release|x64.Build.0 = Release|x64
		{C7C9CD9D-6CB3-4B1F-8F3D-0F1E80A7EBEC}.Release|x86.ActiveCfg = Release|x86
		{C7C9CD9D-6CB3-4B1F-8F3D-0F1E80A7EBEC}.Release|x86.Build.0 = Release|x86
		{1089A7A2-8012-4A48-ABAB-87D9B54EF611}.Debug|Any CPU.ActiveCfg = Debug|Any CPU
		{1089A7A2-8012-4A48-ABAB-87D9B54EF611}.Debug|Any CPU.Build.0 = Debug|Any CPU
		{1089A7A2-8012-4A48-ABAB-87D9B54EF611}.Debug|x64.ActiveCfg = Debug|x64
		{1089A7A2-8012-4A48-ABAB-87D9B54EF611}.Debug|x64.Build.0 = Debug|x64
		{1089A7A2-8012-4A48-ABAB-87D9B54EF611}.Debug|x86.ActiveCfg = Debug|x86
		{1089A7A2-8012-4A48-ABAB-87D9B54EF611}.Debug|x86.Build.0 = Debug|x86
		{1089A7A2-8012-4A48-ABAB-87D9B54EF611}.DebugLocal|Any CPU.ActiveCfg = Debug|Any CPU
		{1089A7A2-8012-4A48-ABAB-87D9B54EF611}.DebugLocal|Any CPU.Build.0 = Debug|Any CPU
		{1089A7A2-8012-4A48-ABAB-87D9B54EF611}.DebugLocal|x64.ActiveCfg = Debug|x64
		{1089A7A2-8012-4A48-ABAB-87D9B54EF611}.DebugLocal|x64.Build.0 = Debug|x64
		{1089A7A2-8012-4A48-ABAB-87D9B54EF611}.DebugLocal|x86.ActiveCfg = Debug|x86
		{1089A7A2-8012-4A48-ABAB-87D9B54EF611}.DebugLocal|x86.Build.0 = Debug|x86
		{1089A7A2-8012-4A48-ABAB-87D9B54EF611}.Release|Any CPU.ActiveCfg = Release|Any CPU
		{1089A7A2-8012-4A48-ABAB-87D9B54EF611}.Release|Any CPU.Build.0 = Release|Any CPU
		{1089A7A2-8012-4A48-ABAB-87D9B54EF611}.Release|x64.ActiveCfg = Release|x64
		{1089A7A2-8012-4A48-ABAB-87D9B54EF611}.Release|x64.Build.0 = Release|x64
		{1089A7A2-8012-4A48-ABAB-87D9B54EF611}.Release|x86.ActiveCfg = Release|x86
		{1089A7A2-8012-4A48-ABAB-87D9B54EF611}.Release|x86.Build.0 = Release|x86
		{D8382CD8-25D0-43B9-938A-B9F0F290887A}.Debug|Any CPU.ActiveCfg = Debug|Any CPU
		{D8382CD8-25D0-43B9-938A-B9F0F290887A}.Debug|Any CPU.Build.0 = Debug|Any CPU
		{D8382CD8-25D0-43B9-938A-B9F0F290887A}.Debug|x64.ActiveCfg = Debug|x64
		{D8382CD8-25D0-43B9-938A-B9F0F290887A}.Debug|x64.Build.0 = Debug|x64
		{D8382CD8-25D0-43B9-938A-B9F0F290887A}.Debug|x86.ActiveCfg = Debug|x86
		{D8382CD8-25D0-43B9-938A-B9F0F290887A}.Debug|x86.Build.0 = Debug|x86
		{D8382CD8-25D0-43B9-938A-B9F0F290887A}.DebugLocal|Any CPU.ActiveCfg = Debug|Any CPU
		{D8382CD8-25D0-43B9-938A-B9F0F290887A}.DebugLocal|Any CPU.Build.0 = Debug|Any CPU
		{D8382CD8-25D0-43B9-938A-B9F0F290887A}.DebugLocal|x64.ActiveCfg = Debug|x64
		{D8382CD8-25D0-43B9-938A-B9F0F290887A}.DebugLocal|x64.Build.0 = Debug|x64
		{D8382CD8-25D0-43B9-938A-B9F0F290887A}.DebugLocal|x86.ActiveCfg = Debug|x86
		{D8382CD8-25D0-43B9-938A-B9F0F290887A}.DebugLocal|x86.Build.0 = Debug|x86
		{D8382CD8-25D0-43B9-938A-B9F0F290887A}.Release|Any CPU.ActiveCfg = Release|Any CPU
		{D8382CD8-25D0-43B9-938A-B9F0F290887A}.Release|Any CPU.Build.0 = Release|Any CPU
		{D8382CD8-25D0-43B9-938A-B9F0F290887A}.Release|x64.ActiveCfg = Release|x64
		{D8382CD8-25D0-43B9-938A-B9F0F290887A}.Release|x64.Build.0 = Release|x64
		{D8382CD8-25D0-43B9-938A-B9F0F290887A}.Release|x86.ActiveCfg = Release|x86
		{D8382CD8-25D0-43B9-938A-B9F0F290887A}.Release|x86.Build.0 = Release|x86
		{54357838-784F-4029-A9C8-C66B13160F26}.Debug|Any CPU.ActiveCfg = Debug|Any CPU
		{54357838-784F-4029-A9C8-C66B13160F26}.Debug|Any CPU.Build.0 = Debug|Any CPU
		{54357838-784F-4029-A9C8-C66B13160F26}.Debug|x64.ActiveCfg = Debug|Any CPU
		{54357838-784F-4029-A9C8-C66B13160F26}.Debug|x64.Build.0 = Debug|Any CPU
		{54357838-784F-4029-A9C8-C66B13160F26}.Debug|x86.ActiveCfg = Debug|Any CPU
		{54357838-784F-4029-A9C8-C66B13160F26}.Debug|x86.Build.0 = Debug|Any CPU
		{54357838-784F-4029-A9C8-C66B13160F26}.DebugLocal|Any CPU.ActiveCfg = Debug|Any CPU
		{54357838-784F-4029-A9C8-C66B13160F26}.DebugLocal|Any CPU.Build.0 = Debug|Any CPU
		{54357838-784F-4029-A9C8-C66B13160F26}.DebugLocal|x64.ActiveCfg = Debug|Any CPU
		{54357838-784F-4029-A9C8-C66B13160F26}.DebugLocal|x64.Build.0 = Debug|Any CPU
		{54357838-784F-4029-A9C8-C66B13160F26}.DebugLocal|x86.ActiveCfg = Debug|Any CPU
		{54357838-784F-4029-A9C8-C66B13160F26}.DebugLocal|x86.Build.0 = Debug|Any CPU
		{54357838-784F-4029-A9C8-C66B13160F26}.Release|Any CPU.ActiveCfg = Release|Any CPU
		{54357838-784F-4029-A9C8-C66B13160F26}.Release|Any CPU.Build.0 = Release|Any CPU
		{54357838-784F-4029-A9C8-C66B13160F26}.Release|x64.ActiveCfg = Release|Any CPU
		{54357838-784F-4029-A9C8-C66B13160F26}.Release|x64.Build.0 = Release|Any CPU
		{54357838-784F-4029-A9C8-C66B13160F26}.Release|x86.ActiveCfg = Release|Any CPU
		{54357838-784F-4029-A9C8-C66B13160F26}.Release|x86.Build.0 = Release|Any CPU
		{902E9791-7D1B-4D06-B4EC-25B7DF89A1D2}.Debug|Any CPU.ActiveCfg = Debug|Any CPU
		{902E9791-7D1B-4D06-B4EC-25B7DF89A1D2}.Debug|Any CPU.Build.0 = Debug|Any CPU
		{902E9791-7D1B-4D06-B4EC-25B7DF89A1D2}.Debug|x64.ActiveCfg = Debug|Any CPU
		{902E9791-7D1B-4D06-B4EC-25B7DF89A1D2}.Debug|x64.Build.0 = Debug|Any CPU
		{902E9791-7D1B-4D06-B4EC-25B7DF89A1D2}.Debug|x86.ActiveCfg = Debug|Any CPU
		{902E9791-7D1B-4D06-B4EC-25B7DF89A1D2}.Debug|x86.Build.0 = Debug|Any CPU
		{902E9791-7D1B-4D06-B4EC-25B7DF89A1D2}.DebugLocal|Any CPU.ActiveCfg = Debug|Any CPU
		{902E9791-7D1B-4D06-B4EC-25B7DF89A1D2}.DebugLocal|Any CPU.Build.0 = Debug|Any CPU
		{902E9791-7D1B-4D06-B4EC-25B7DF89A1D2}.DebugLocal|x64.ActiveCfg = Debug|Any CPU
		{902E9791-7D1B-4D06-B4EC-25B7DF89A1D2}.DebugLocal|x64.Build.0 = Debug|Any CPU
		{902E9791-7D1B-4D06-B4EC-25B7DF89A1D2}.DebugLocal|x86.ActiveCfg = Debug|Any CPU
		{902E9791-7D1B-4D06-B4EC-25B7DF89A1D2}.DebugLocal|x86.Build.0 = Debug|Any CPU
		{902E9791-7D1B-4D06-B4EC-25B7DF89A1D2}.Release|Any CPU.ActiveCfg = Release|Any CPU
		{902E9791-7D1B-4D06-B4EC-25B7DF89A1D2}.Release|Any CPU.Build.0 = Release|Any CPU
		{902E9791-7D1B-4D06-B4EC-25B7DF89A1D2}.Release|x64.ActiveCfg = Release|Any CPU
		{902E9791-7D1B-4D06-B4EC-25B7DF89A1D2}.Release|x64.Build.0 = Release|Any CPU
		{902E9791-7D1B-4D06-B4EC-25B7DF89A1D2}.Release|x86.ActiveCfg = Release|Any CPU
		{902E9791-7D1B-4D06-B4EC-25B7DF89A1D2}.Release|x86.Build.0 = Release|Any CPU
	EndGlobalSection
	GlobalSection(SolutionProperties) = preSolution
		HideSolutionNode = FALSE
	EndGlobalSection
	GlobalSection(NestedProjects) = preSolution
		{E06725EB-FC78-4428-A1A6-EBBBF7AA42A1} = {464875E9-6AED-4C38-AA6C-4E30978EA903}
		{A5BBF5CD-3BE7-47FD-A223-6972A1997019} = {464875E9-6AED-4C38-AA6C-4E30978EA903}
		{345328EC-3A67-4AC5-8F8C-87DE1DABEDC4} = {464875E9-6AED-4C38-AA6C-4E30978EA903}
		{DDAB3941-0033-4BAF-A1FB-75E438F5CA08} = {464875E9-6AED-4C38-AA6C-4E30978EA903}
		{223BA832-E2D5-4CCF-8880-FDB4A2CE0689} = {27B6E668-D2AE-4CCB-B99B-8C5B8A522B3F}
		{1977E5E6-0C7A-4797-8842-996627297C39} = {27B6E668-D2AE-4CCB-B99B-8C5B8A522B3F}
		{B5C86E92-D417-4EC7-AF9D-F3FFE1DFB38C} = {DD12C234-87C6-4EC6-88A4-5FCB52D07A3C}
		{4D78C477-FB24-4E8B-BAB2-7CCB9C7D5CA7} = {DD12C234-87C6-4EC6-88A4-5FCB52D07A3C}
		{5E7B86E0-ABCC-4D40-94A9-C6036976BEBE} = {DD12C234-87C6-4EC6-88A4-5FCB52D07A3C}
		{56A6B005-ABDE-412C-BD31-A675427AD3D1} = {DD12C234-87C6-4EC6-88A4-5FCB52D07A3C}
		{F20541B8-DE53-48D1-9861-A471D352AB7A} = {64822F78-E371-4D03-AE41-52495F284A23}
		{AF4FE5C3-E65F-4791-8F9E-81FD7816910D} = {64822F78-E371-4D03-AE41-52495F284A23}
		{C7C9CD9D-6CB3-4B1F-8F3D-0F1E80A7EBEC} = {64822F78-E371-4D03-AE41-52495F284A23}
		{1089A7A2-8012-4A48-ABAB-87D9B54EF611} = {64822F78-E371-4D03-AE41-52495F284A23}
		{D8382CD8-25D0-43B9-938A-B9F0F290887A} = {DD12C234-87C6-4EC6-88A4-5FCB52D07A3C}
		{54357838-784F-4029-A9C8-C66B13160F26} = {64822F78-E371-4D03-AE41-52495F284A23}
		{902E9791-7D1B-4D06-B4EC-25B7DF89A1D2} = {64822F78-E371-4D03-AE41-52495F284A23}
	EndGlobalSection
	GlobalSection(ExtensibilityGlobals) = postSolution
		SolutionGuid = {FCB9B245-E70D-43CB-AA5F-B7D14D0CD3FC}
	EndGlobalSection
EndGlobal
